// !$*UTF8*$!
{
	archiveVersion = 1;
	classes = {
	};
	objectVersion = 46;
	objects = {

/* Begin PBXBuildFile section */
		47B431221CF95A93003AAB71 /* CityViewController.swift in Sources */ = {isa = PBXBuildFile; fileRef = 47B431211CF95A93003AAB71 /* CityViewController.swift */; };
		47E011981CF8156A008A8208 /* AppDelegate.swift in Sources */ = {isa = PBXBuildFile; fileRef = 47E011971CF8156A008A8208 /* AppDelegate.swift */; };
		47E0119A1CF8156A008A8208 /* ViewController.swift in Sources */ = {isa = PBXBuildFile; fileRef = 47E011991CF8156A008A8208 /* ViewController.swift */; };
		47E0119D1CF8156A008A8208 /* Main.storyboard in Resources */ = {isa = PBXBuildFile; fileRef = 47E0119B1CF8156A008A8208 /* Main.storyboard */; };
		47E0119F1CF8156A008A8208 /* Assets.xcassets in Resources */ = {isa = PBXBuildFile; fileRef = 47E0119E1CF8156A008A8208 /* Assets.xcassets */; };
		47E011A21CF8156A008A8208 /* LaunchScreen.storyboard in Resources */ = {isa = PBXBuildFile; fileRef = 47E011A01CF8156A008A8208 /* LaunchScreen.storyboard */; };
		47E011AC1CF817A0008A8208 /* TableViewController.swift in Sources */ = {isa = PBXBuildFile; fileRef = 47E011AB1CF817A0008A8208 /* TableViewController.swift */; };
/* End PBXBuildFile section */

/* Begin PBXFileReference section */
		47B431211CF95A93003AAB71 /* CityViewController.swift */ = {isa = PBXFileReference; fileEncoding = 4; lastKnownFileType = sourcecode.swift; path = CityViewController.swift; sourceTree = "<group>"; };
		47E011941CF8156A008A8208 /* TableViewSample.app */ = {isa = PBXFileReference; explicitFileType = wrapper.application; includeInIndex = 0; path = TableViewSample.app; sourceTree = BUILT_PRODUCTS_DIR; };
		47E011971CF8156A008A8208 /* AppDelegate.swift */ = {isa = PBXFileReference; lastKnownFileType = sourcecode.swift; path = AppDelegate.swift; sourceTree = "<group>"; };
		47E011991CF8156A008A8208 /* ViewController.swift */ = {isa = PBXFileReference; lastKnownFileType = sourcecode.swift; path = ViewController.swift; sourceTree = "<group>"; };
		47E0119C1CF8156A008A8208 /* Base */ = {isa = PBXFileReference; lastKnownFileType = file.storyboard; name = Base; path = Base.lproj/Main.storyboard; sourceTree = "<group>"; };
		47E0119E1CF8156A008A8208 /* Assets.xcassets */ = {isa = PBXFileReference; lastKnownFileType = folder.assetcatalog; path = Assets.xcassets; sourceTree = "<group>"; };
		47E011A11CF8156A008A8208 /* Base */ = {isa = PBXFileReference; lastKnownFileType = file.storyboard; name = Base; path = Base.lproj/LaunchScreen.storyboard; sourceTree = "<group>"; };
		47E011A31CF8156A008A8208 /* Info.plist */ = {isa = PBXFileReference; lastKnownFileType = text.plist.xml; path = Info.plist; sourceTree = "<group>"; };
		47E011AB1CF817A0008A8208 /* TableViewController.swift */ = {isa = PBXFileReference; fileEncoding = 4; lastKnownFileType = sourcecode.swift; name = TableViewController.swift; path = ../TableViewController.swift; sourceTree = "<group>"; };
/* End PBXFileReference section */

/* Begin PBXFrameworksBuildPhase section */
		47E011911CF8156A008A8208 /* Frameworks */ = {
			isa = PBXFrameworksBuildPhase;
			buildActionMask = 2147483647;
			files = (
			);
			runOnlyForDeploymentPostprocessing = 0;
		};
/* End PBXFrameworksBuildPhase section */

/* Begin PBXGroup section */
		47E0118B1CF8156A008A8208 = {
			isa = PBXGroup;
			children = (
				47E011961CF8156A008A8208 /* TableViewSample */,
				47E011951CF8156A008A8208 /* Products */,
			);
			sourceTree = "<group>";
		};
		47E011951CF8156A008A8208 /* Products */ = {
			isa = PBXGroup;
			children = (
				47E011941CF8156A008A8208 /* TableViewSample.app */,
			);
			name = Products;
			sourceTree = "<group>";
		};
		47E011961CF8156A008A8208 /* TableViewSample */ = {
			isa = PBXGroup;
			children = (
				47E011971CF8156A008A8208 /* AppDelegate.swift */,
				47E011991CF8156A008A8208 /* ViewController.swift */,
				47E0119B1CF8156A008A8208 /* Main.storyboard */,
				47E011AB1CF817A0008A8208 /* TableViewController.swift */,
				47B431211CF95A93003AAB71 /* CityViewController.swift */,
				47E0119E1CF8156A008A8208 /* Assets.xcassets */,
				47E011A01CF8156A008A8208 /* LaunchScreen.storyboard */,
				47E011A31CF8156A008A8208 /* Info.plist */,
			);
			path = TableViewSample;
			sourceTree = "<group>";
		};
/* End PBXGroup section */

/* Begin PBXNativeTarget section */
		47E011931CF8156A008A8208 /* TableViewSample */ = {
			isa = PBXNativeTarget;
			buildConfigurationList = 47E011A61CF8156A008A8208 /* Build configuration list for PBXNativeTarget "TableViewSample" */;
			buildPhases = (
				47E011901CF8156A008A8208 /* Sources */,
				47E011911CF8156A008A8208 /* Frameworks */,
				47E011921CF8156A008A8208 /* Resources */,
			);
			buildRules = (
			);
			dependencies = (
			);
			name = TableViewSample;
			productName = TableViewSample;
			productReference = 47E011941CF8156A008A8208 /* TableViewSample.app */;
			productType = "com.apple.product-type.application";
		};
/* End PBXNativeTarget section */

/* Begin PBXProject section */
		47E0118C1CF8156A008A8208 /* Project object */ = {
			isa = PBXProject;
			attributes = {
				LastSwiftUpdateCheck = 0730;
				LastUpgradeCheck = 0730;
				ORGANIZATIONNAME = "Horacio Garza";
				TargetAttributes = {
					47E011931CF8156A008A8208 = {
						CreatedOnToolsVersion = 7.3.1;
					};
				};
			};
			buildConfigurationList = 47E0118F1CF8156A008A8208 /* Build configuration list for PBXProject "TableViewSample" */;
			compatibilityVersion = "Xcode 3.2";
			developmentRegion = English;
			hasScannedForEncodings = 0;
			knownRegions = (
				en,
				Base,
			);
			mainGroup = 47E0118B1CF8156A008A8208;
			productRefGroup = 47E011951CF8156A008A8208 /* Products */;
			projectDirPath = "";
			projectRoot = "";
			targets = (
				47E011931CF8156A008A8208 /* TableViewSample */,
			);
		};
/* End PBXProject section */

/* Begin PBXResourcesBuildPhase section */
		47E011921CF8156A008A8208 /* Resources */ = {
			isa = PBXResourcesBuildPhase;
			buildActionMask = 2147483647;
			files = (
				47E011A21CF8156A008A8208 /* LaunchScreen.storyboard in Resources */,
				47E0119F1CF8156A008A8208 /* Assets.xcassets in Resources */,
				47E0119D1CF8156A008A8208 /* Main.storyboard in Resources */,
			);
			runOnlyForDeploymentPostprocessing = 0;
		};
/* End PBXResourcesBuildPhase section */

/* Begin PBXSourcesBuildPhase section */
		47E011901CF8156A008A8208 /* Sources */ = {
			isa = PBXSourcesBuildPhase;
			buildActionMask = 2147483647;
			files = (
				47E0119A1CF8156A008A8208 /* ViewController.swift in Sources */,
				47E011AC1CF817A0008A8208 /* TableViewController.swift in Sources */,
				47E011981CF8156A008A8208 /* AppDelegate.swift in Sources */,
				47B431221CF95A93003AAB71 /* CityViewController.swift in Sources */,
			);
			runOnlyForDeploymentPostprocessing = 0;
		};
/* End PBXSourcesBuildPhase section */

/* Begin PBXVariantGroup section */
		47E0119B1CF8156A008A8208 /* Main.storyboard */ = {
			isa = PBXVariantGroup;
			children = (
				47E0119C1CF8156A008A8208 /* Base */,
			);
			name = Main.storyboard;
			sourceTree = "<group>";
		};
		47E011A01CF8156A008A8208 /* LaunchScreen.storyboard */ = {
			isa = PBXVariantGroup;
			children = (
				47E011A11CF8156A008A8208 /* Base */,
			);
			name = LaunchScreen.storyboard;
			sourceTree = "<group>";
		};
/* End PBXVariantGroup section */

/* Begin XCBuildConfiguration section */
		47E011A41CF8156A008A8208 /* Debug */ = {
			isa = XCBuildConfiguration;
			buildSettings = {
				ALWAYS_SEARCH_USER_PATHS = NO;
				CLANG_ANALYZER_NONNULL = YES;
				CLANG_CXX_LANGUAGE_STANDARD = "gnu++0x";
				CLANG_CXX_LIBRARY = "libc++";
				CLANG_ENABLE_MODULES = YES;
				CLANG_ENABLE_OBJC_ARC = YES;
				CLANG_WARN_BOOL_CONVERSION = YES;
				CLANG_WARN_CONSTANT_CONVERSION = YES;
				CLANG_WARN_DIRECT_OBJC_ISA_USAGE = YES_ERROR;
				CLANG_WARN_EMPTY_BODY = YES;
				CLANG_WARN_ENUM_CONVERSION = YES;
				CLANG_WARN_INT_CONVERSION = YES;
				CLANG_WARN_OBJC_ROOT_CLASS = YES_ERROR;
				CLANG_WARN_UNREACHABLE_CODE = YES;
				CLANG_WARN__DUPLICATE_METHOD_MATCH = YES;
				"CODE_SIGN_IDENTITY[sdk=iphoneos*]" = "iPhone Developer";
				COPY_PHASE_STRIP = NO;
				DEBUG_INFORMATION_FORMAT = dwarf;
				ENABLE_STRICT_OBJC_MSGSEND = YES;
				ENABLE_TESTABILITY = YES;
				GCC_C_LANGUAGE_STANDARD = gnu99;
				GCC_DYNAMIC_NO_PIC = NO;
				GCC_NO_COMMON_BLOCKS = YES;
				GCC_OPTIMIZATION_LEVEL = 0;
				GCC_PREPROCESSOR_DEFINITIONS = (
					"DEBUG=1",
					"$(inherited)",
				);
				GCC_WARN_64_TO_32_BIT_CONVERSION = YES;
				GCC_WARN_ABOUT_RETURN_TYPE = YES_ERROR;
				GCC_WARN_UNDECLARED_SELECTOR = YES;
				GCC_WARN_UNINITIALIZED_AUTOS = YES_AGGRESSIVE;
				GCC_WARN_UNUSED_FUNCTION = YES;
				GCC_WARN_UNUSED_VARIABLE = YES;
				IPHONEOS_DEPLOYMENT_TARGET = 9.3;
				MTL_ENABLE_DEBUG_INFO = YES;
				ONLY_ACTIVE_ARCH = YES;
				SDKROOT = iphoneos;
				SWIFT_OPTIMIZATION_LEVEL = "-Onone";
			};
			name = Debug;
		};
		47E011A51CF8156A008A8208 /* Release */ = {
			isa = XCBuildConfiguration;
			buildSettings = {
				ALWAYS_SEARCH_USER_PATHS = NO;
				CLANG_ANALYZER_NONNULL = YES;
				CLANG_CXX_LANGUAGE_STANDARD = "gnu++0x";
				CLANG_CXX_LIBRARY = "libc++";
				CLANG_ENABLE_MODULES = YES;
				CLANG_ENABLE_OBJC_ARC = YES;
				CLANG_WARN_BOOL_CONVERSION = YES;
				CLANG_WARN_CONSTANT_CONVERSION = YES;
				CLANG_WARN_DIRECT_OBJC_ISA_USAGE = YES_ERROR;
				CLANG_WARN_EMPTY_BODY = YES;
				CLANG_WARN_ENUM_CONVERSION = YES;
				CLANG_WARN_INT_CONVERSION = YES;
				CLANG_WARN_OBJC_ROOT_CLASS = YES_ERROR;
				CLANG_WARN_UNREACHABLE_CODE = YES;
				CLANG_WARN__DUPLICATE_METHOD_MATCH = YES;
				"CODE_SIGN_IDENTITY[sdk=iphoneos*]" = "iPhone Developer";
				COPY_PHASE_STRIP = NO;
				DEBUG_INFORMATION_FORMAT = "dwarf-with-dsym";
				ENABLE_NS_ASSERTIONS = NO;
				ENABLE_STRICT_OBJC_MSGSEND = YES;
				GCC_C_LANGUAGE_STANDARD = gnu99;
				GCC_NO_COMMON_BLOCKS = YES;
				GCC_WARN_64_TO_32_BIT_CONVERSION = YES;
				GCC_WARN_ABOUT_RETURN_TYPE = YES_ERROR;
				GCC_WARN_UNDECLARED_SELECTOR = YES;
				GCC_WARN_UNINITIALIZED_AUTOS = YES_AGGRESSIVE;
				GCC_WARN_UNUSED_FUNCTION = YES;
				GCC_WARN_UNUSED_VARIABLE = YES;
				IPHONEOS_DEPLOYMENT_TARGET = 9.3;
				MTL_ENABLE_DEBUG_INFO = NO;
				SDKROOT = iphoneos;
				VALIDATE_PRODUCT = YES;
			};
			name = Release;
		};
		47E011A71CF8156A008A8208 /* Debug */ = {
			isa = XCBuildConfiguration;
			buildSettings = {
				ASSETCATALOG_COMPILER_APPICON_NAME = AppIcon;
				INFOPLIST_FILE = TableViewSample/Info.plist;
				LD_RUNPATH_SEARCH_PATHS = "$(inherited) @executable_path/Frameworks";
				PRODUCT_BUNDLE_IDENTIFIER = com.HGarzCreations.TableViewSample;
				PRODUCT_NAME = "$(TARGET_NAME)";
			};
			name = Debug;
		};
		47E011A81CF8156A008A8208 /* Release */ = {
			isa = XCBuildConfiguration;
			buildSettings = {
				ASSETCATALOG_COMPILER_APPICON_NAME = AppIcon;
				INFOPLIST_FILE = TableViewSample/Info.plist;
				LD_RUNPATH_SEARCH_PATHS = "$(inherited) @executable_path/Frameworks";
				PRODUCT_BUNDLE_IDENTIFIER = com.HGarzCreations.TableViewSample;
				PRODUCT_NAME = "$(TARGET_NAME)";
			};
			name = Release;
		};
/* End XCBuildConfiguration section */

/* Begin XCConfigurationList section */
		47E0118F1CF8156A008A8208 /* Build configuration list for PBXProject "TableViewSample" */ = {
			isa = XCConfigurationList;
			buildConfigurations = (
				47E011A41CF8156A008A8208 /* Debug */,
				47E011A51CF8156A008A8208 /* Release */,
			);
			defaultConfigurationIsVisible = 0;
			defaultConfigurationName = Release;
		};
		47E011A61CF8156A008A8208 /* Build configuration list for PBXNativeTarget "TableViewSample" */ = {
			isa = XCConfigurationList;
			buildConfigurations = (
				47E011A71CF8156A008A8208 /* Debug */,
				47E011A81CF8156A008A8208 /* Release */,
			);
			defaultConfigurationIsVisible = 0;
			defaultConfigurationName = Release;
		};
/* End XCConfigurationList section */
	};
	rootObject = 47E0118C1CF8156A008A8208 /* Project object */;
}
